
Microsoft Visual Studio Solution File, Format Version 12.00
# Visual Studio Version 17
VisualStudioVersion = 17.0.31912.275
MinimumVisualStudioVersion = 10.0.40219.1
Project("{888888A0-9F3D-457C-B088-3A5042F75D52}") = "Практическая работа 5", "Практическая работа 5.pyproj", "{A4D4AD58-E134-498A-B0DA-26886D07D287}"
EndProject
Global
	GlobalSection(SolutionConfigurationPlatforms) = preSolution
		Debug|Any CPU = Debug|Any CPU
		Release|Any CPU = Release|Any CPU
	EndGlobalSection
	GlobalSection(ProjectConfigurationPlatforms) = postSolution
		{A4D4AD58-E134-498A-B0DA-26886D07D287}.Debug|Any CPU.ActiveCfg = Debug|Any CPU
		{A4D4AD58-E134-498A-B0DA-26886D07D287}.Release|Any CPU.ActiveCfg = Release|Any CPU
	EndGlobalSection
	GlobalSection(SolutionProperties) = preSolution
		HideSolutionNode = FALSE
	EndGlobalSection
	GlobalSection(ExtensibilityGlobals) = postSolution
		SolutionGuid = {41D0677E-C5A3-4861-8066-0111D9E521B4}
	EndGlobalSection
EndGlobal
